
Microsoft Visual Studio Solution File, Format Version 12.00
# Visual Studio Version 17
VisualStudioVersion = 17.8.34525.116
MinimumVisualStudioVersion = 10.0.40219.1
Project("{8BC9CEB8-8B4A-11D0-8D11-00A0C91BC942}") = "EliminarDeciorador", "EliminarDeciorador\EliminarDeciorador.vcxproj", "{9A99D8ED-37A1-429A-BE83-67D75F7C7038}"
EndProject
Global
	GlobalSection(SolutionConfigurationPlatforms) = preSolution
		Debug|x64 = Debug|x64
		Debug|x86 = Debug|x86
		Release|x64 = Release|x64
		Release|x86 = Release|x86
	EndGlobalSection
	GlobalSection(ProjectConfigurationPlatforms) = postSolution
		{9A99D8ED-37A1-429A-BE83-67D75F7C7038}.Debug|x64.ActiveCfg = Debug|x64
		{9A99D8ED-37A1-429A-BE83-67D75F7C7038}.Debug|x64.Build.0 = Debug|x64
		{9A99D8ED-37A1-429A-BE83-67D75F7C7038}.Debug|x86.ActiveCfg = Debug|Win32
		{9A99D8ED-37A1-429A-BE83-67D75F7C7038}.Debug|x86.Build.0 = Debug|Win32
		{9A99D8ED-37A1-429A-BE83-67D75F7C7038}.Release|x64.ActiveCfg = Release|x64
		{9A99D8ED-37A1-429A-BE83-67D75F7C7038}.Release|x64.Build.0 = Release|x64
		{9A99D8ED-37A1-429A-BE83-67D75F7C7038}.Release|x86.ActiveCfg = Release|Win32
		{9A99D8ED-37A1-429A-BE83-67D75F7C7038}.Release|x86.Build.0 = Release|Win32
	EndGlobalSection
	GlobalSection(SolutionProperties) = preSolution
		HideSolutionNode = FALSE
	EndGlobalSection
	GlobalSection(ExtensibilityGlobals) = postSolution
		SolutionGuid = {FD19C5C1-C2A6-4004-9D03-FF7D4FBD7565}
	EndGlobalSection
EndGlobal
